
Microsoft Visual Studio Solution File, Format Version 12.00
# Visual Studio 15
VisualStudioVersion = 15.0.28307.705
MinimumVisualStudioVersion = 10.0.40219.1
Project("{FAE04EC0-301F-11D3-BF4B-00C04F79EFBC}") = "Demo01", "Demo01\Demo01.csproj", "{AD51AC22-A0B8-471C-B396-1143FBF2BFC7}"
EndProject
Project("{FAE04EC0-301F-11D3-BF4B-00C04F79EFBC}") = "Demo2_Sravnqvane", "Demo2_Sravnqvane\Demo2_Sravnqvane.csproj", "{B7EEB66E-DA15-413E-8E2F-6F0BE1718AD6}"
EndProject
Project("{FAE04EC0-301F-11D3-BF4B-00C04F79EFBC}") = "21_3w_ObrashtaneNiz", "21_3w_ObrashtaneNiz\21_3w_ObrashtaneNiz.csproj", "{0C8DD312-6360-45FC-A8F0-7911B832D227}"
EndProject
Project("{FAE04EC0-301F-11D3-BF4B-00C04F79EFBC}") = "21_5w_UmnStringove", "21_5w_UmnStringove\21_5w_UmnStringove.csproj", "{9506DC35-64A2-45BE-A9EC-3386F870F362}"
EndProject
Project("{FAE04EC0-301F-11D3-BF4B-00C04F79EFBC}") = "21_6w_Palindrom", "21_6w_Palindrom\21_6w_Palindrom.csproj", "{F5634B28-EC97-4C91-B767-41AD22B119CD}"
EndProject
Project("{FAE04EC0-301F-11D3-BF4B-00C04F79EFBC}") = "22p_IndexOf1", "22p_IndexOf1\22p_IndexOf1.csproj", "{83C36B67-1957-4559-9556-8CC932EE686B}"
EndProject
Global
	GlobalSection(SolutionConfigurationPlatforms) = preSolution
		Debug|Any CPU = Debug|Any CPU
		Release|Any CPU = Release|Any CPU
	EndGlobalSection
	GlobalSection(ProjectConfigurationPlatforms) = postSolution
		{AD51AC22-A0B8-471C-B396-1143FBF2BFC7}.Debug|Any CPU.ActiveCfg = Debug|Any CPU
		{AD51AC22-A0B8-471C-B396-1143FBF2BFC7}.Debug|Any CPU.Build.0 = Debug|Any CPU
		{AD51AC22-A0B8-471C-B396-1143FBF2BFC7}.Release|Any CPU.ActiveCfg = Release|Any CPU
		{AD51AC22-A0B8-471C-B396-1143FBF2BFC7}.Release|Any CPU.Build.0 = Release|Any CPU
		{B7EEB66E-DA15-413E-8E2F-6F0BE1718AD6}.Debug|Any CPU.ActiveCfg = Debug|Any CPU
		{B7EEB66E-DA15-413E-8E2F-6F0BE1718AD6}.Debug|Any CPU.Build.0 = Debug|Any CPU
		{B7EEB66E-DA15-413E-8E2F-6F0BE1718AD6}.Release|Any CPU.ActiveCfg = Release|Any CPU
		{B7EEB66E-DA15-413E-8E2F-6F0BE1718AD6}.Release|Any CPU.Build.0 = Release|Any CPU
		{0C8DD312-6360-45FC-A8F0-7911B832D227}.Debug|Any CPU.ActiveCfg = Debug|Any CPU
		{0C8DD312-6360-45FC-A8F0-7911B832D227}.Debug|Any CPU.Build.0 = Debug|Any CPU
		{0C8DD312-6360-45FC-A8F0-7911B832D227}.Release|Any CPU.ActiveCfg = Release|Any CPU
		{0C8DD312-6360-45FC-A8F0-7911B832D227}.Release|Any CPU.Build.0 = Release|Any CPU
		{9506DC35-64A2-45BE-A9EC-3386F870F362}.Debug|Any CPU.ActiveCfg = Debug|Any CPU
		{9506DC35-64A2-45BE-A9EC-3386F870F362}.Debug|Any CPU.Build.0 = Debug|Any CPU
		{9506DC35-64A2-45BE-A9EC-3386F870F362}.Release|Any CPU.ActiveCfg = Release|Any CPU
		{9506DC35-64A2-45BE-A9EC-3386F870F362}.Release|Any CPU.Build.0 = Release|Any CPU
		{F5634B28-EC97-4C91-B767-41AD22B119CD}.Debug|Any CPU.ActiveCfg = Debug|Any CPU
		{F5634B28-EC97-4C91-B767-41AD22B119CD}.Debug|Any CPU.Build.0 = Debug|Any CPU
		{F5634B28-EC97-4C91-B767-41AD22B119CD}.Release|Any CPU.ActiveCfg = Release|Any CPU
		{F5634B28-EC97-4C91-B767-41AD22B119CD}.Release|Any CPU.Build.0 = Release|Any CPU
		{83C36B67-1957-4559-9556-8CC932EE686B}.Debug|Any CPU.ActiveCfg = Debug|Any CPU
		{83C36B67-1957-4559-9556-8CC932EE686B}.Debug|Any CPU.Build.0 = Debug|Any CPU
		{83C36B67-1957-4559-9556-8CC932EE686B}.Release|Any CPU.ActiveCfg = Release|Any CPU
		{83C36B67-1957-4559-9556-8CC932EE686B}.Release|Any CPU.Build.0 = Release|Any CPU
	EndGlobalSection
	GlobalSection(SolutionProperties) = preSolution
		HideSolutionNode = FALSE
	EndGlobalSection
	GlobalSection(ExtensibilityGlobals) = postSolution
		SolutionGuid = {D81E6918-346A-41CA-A418-E002B406DED2}
	EndGlobalSection
EndGlobal
