
Microsoft Visual Studio Solution File, Format Version 12.00
# Visual Studio 15
VisualStudioVersion = 15.0.28307.1267
MinimumVisualStudioVersion = 10.0.40219.1
Project("{FAE04EC0-301F-11D3-BF4B-00C04F79EFBC}") = "01.EmptyBelejka", "01.EmptyBelejka\01.EmptyBelejka.csproj", "{C753A12C-67EA-43C7-9F42-67A97B7D7995}"
EndProject
Project("{FAE04EC0-301F-11D3-BF4B-00C04F79EFBC}") = "02.ZnakCqloChislo", "02.ZnakCqloChislo\02.ZnakCqloChislo.csproj", "{D91859A6-3741-4BB6-BE31-ADBEF90D0879}"
EndProject
Project("{FAE04EC0-301F-11D3-BF4B-00C04F79EFBC}") = "04.PrintFigura", "04.PrintFigura\04.PrintFigura.csproj", "{68E6D01A-463C-404B-AE35-A9E9DE1FA766}"
EndProject
Project("{FAE04EC0-301F-11D3-BF4B-00C04F79EFBC}") = "001.AddOne_PlusIOne", "001.AddOne_PlusIOne\001.AddOne_PlusIOne.csproj", "{FCD75B9F-C1B4-42CB-9A5B-A4DE006D5DF5}"
EndProject
Project("{FAE04EC0-301F-11D3-BF4B-00C04F79EFBC}") = "05.Convertor", "05.Convertor\05.Convertor.csproj", "{C2DCDFC1-A5DC-45B9-AE6E-3D6F6D612CBE}"
EndProject
Project("{FAE04EC0-301F-11D3-BF4B-00C04F79EFBC}") = "06.LiceTriagalnik", "06.LiceTriagalnik\06.LiceTriagalnik.csproj", "{AF33045A-B12A-4E39-8527-D697A6C70325}"
EndProject
Project("{FAE04EC0-301F-11D3-BF4B-00C04F79EFBC}") = "07. Stepen", "07. Stepen\07. Stepen.csproj", "{F0C86761-9F6A-4B32-BC53-848A786C0DDC}"
EndProject
Project("{FAE04EC0-301F-11D3-BF4B-00C04F79EFBC}") = "08.GetMaxValue", "08.GetMaxValue\08.GetMaxValue.csproj", "{B83D4C49-B5B5-4592-A7E4-2AA6FB9E0A10}"
EndProject
Project("{FAE04EC0-301F-11D3-BF4B-00C04F79EFBC}") = "Demo", "Demo\Demo.csproj", "{208632F0-7B01-42E4-87AC-4F97B49DDF9B}"
EndProject
Project("{FAE04EC0-301F-11D3-BF4B-00C04F79EFBC}") = "10. Dates", "10. Dates\10. Dates.csproj", "{6CC96E2E-4EDD-4A93-9383-B8CCA25F3244}"
EndProject
Project("{FAE04EC0-301F-11D3-BF4B-00C04F79EFBC}") = "11. PriceChangeAllert", "11. PriceChangeAllert\11. PriceChangeAllert.csproj", "{09DF9962-6D82-409D-ADBD-66F70D3867AB}"
EndProject
Global
	GlobalSection(SolutionConfigurationPlatforms) = preSolution
		Debug|Any CPU = Debug|Any CPU
		Release|Any CPU = Release|Any CPU
	EndGlobalSection
	GlobalSection(ProjectConfigurationPlatforms) = postSolution
		{C753A12C-67EA-43C7-9F42-67A97B7D7995}.Debug|Any CPU.ActiveCfg = Debug|Any CPU
		{C753A12C-67EA-43C7-9F42-67A97B7D7995}.Debug|Any CPU.Build.0 = Debug|Any CPU
		{C753A12C-67EA-43C7-9F42-67A97B7D7995}.Release|Any CPU.ActiveCfg = Release|Any CPU
		{C753A12C-67EA-43C7-9F42-67A97B7D7995}.Release|Any CPU.Build.0 = Release|Any CPU
		{D91859A6-3741-4BB6-BE31-ADBEF90D0879}.Debug|Any CPU.ActiveCfg = Debug|Any CPU
		{D91859A6-3741-4BB6-BE31-ADBEF90D0879}.Debug|Any CPU.Build.0 = Debug|Any CPU
		{D91859A6-3741-4BB6-BE31-ADBEF90D0879}.Release|Any CPU.ActiveCfg = Release|Any CPU
		{D91859A6-3741-4BB6-BE31-ADBEF90D0879}.Release|Any CPU.Build.0 = Release|Any CPU
		{68E6D01A-463C-404B-AE35-A9E9DE1FA766}.Debug|Any CPU.ActiveCfg = Debug|Any CPU
		{68E6D01A-463C-404B-AE35-A9E9DE1FA766}.Debug|Any CPU.Build.0 = Debug|Any CPU
		{68E6D01A-463C-404B-AE35-A9E9DE1FA766}.Release|Any CPU.ActiveCfg = Release|Any CPU
		{68E6D01A-463C-404B-AE35-A9E9DE1FA766}.Release|Any CPU.Build.0 = Release|Any CPU
		{FCD75B9F-C1B4-42CB-9A5B-A4DE006D5DF5}.Debug|Any CPU.ActiveCfg = Debug|Any CPU
		{FCD75B9F-C1B4-42CB-9A5B-A4DE006D5DF5}.Debug|Any CPU.Build.0 = Debug|Any CPU
		{FCD75B9F-C1B4-42CB-9A5B-A4DE006D5DF5}.Release|Any CPU.ActiveCfg = Release|Any CPU
		{FCD75B9F-C1B4-42CB-9A5B-A4DE006D5DF5}.Release|Any CPU.Build.0 = Release|Any CPU
		{C2DCDFC1-A5DC-45B9-AE6E-3D6F6D612CBE}.Debug|Any CPU.ActiveCfg = Debug|Any CPU
		{C2DCDFC1-A5DC-45B9-AE6E-3D6F6D612CBE}.Debug|Any CPU.Build.0 = Debug|Any CPU
		{C2DCDFC1-A5DC-45B9-AE6E-3D6F6D612CBE}.Release|Any CPU.ActiveCfg = Release|Any CPU
		{C2DCDFC1-A5DC-45B9-AE6E-3D6F6D612CBE}.Release|Any CPU.Build.0 = Release|Any CPU
		{AF33045A-B12A-4E39-8527-D697A6C70325}.Debug|Any CPU.ActiveCfg = Debug|Any CPU
		{AF33045A-B12A-4E39-8527-D697A6C70325}.Debug|Any CPU.Build.0 = Debug|Any CPU
		{AF33045A-B12A-4E39-8527-D697A6C70325}.Release|Any CPU.ActiveCfg = Release|Any CPU
		{AF33045A-B12A-4E39-8527-D697A6C70325}.Release|Any CPU.Build.0 = Release|Any CPU
		{F0C86761-9F6A-4B32-BC53-848A786C0DDC}.Debug|Any CPU.ActiveCfg = Debug|Any CPU
		{F0C86761-9F6A-4B32-BC53-848A786C0DDC}.Debug|Any CPU.Build.0 = Debug|Any CPU
		{F0C86761-9F6A-4B32-BC53-848A786C0DDC}.Release|Any CPU.ActiveCfg = Release|Any CPU
		{F0C86761-9F6A-4B32-BC53-848A786C0DDC}.Release|Any CPU.Build.0 = Release|Any CPU
		{B83D4C49-B5B5-4592-A7E4-2AA6FB9E0A10}.Debug|Any CPU.ActiveCfg = Debug|Any CPU
		{B83D4C49-B5B5-4592-A7E4-2AA6FB9E0A10}.Debug|Any CPU.Build.0 = Debug|Any CPU
		{B83D4C49-B5B5-4592-A7E4-2AA6FB9E0A10}.Release|Any CPU.ActiveCfg = Release|Any CPU
		{B83D4C49-B5B5-4592-A7E4-2AA6FB9E0A10}.Release|Any CPU.Build.0 = Release|Any CPU
		{208632F0-7B01-42E4-87AC-4F97B49DDF9B}.Debug|Any CPU.ActiveCfg = Debug|Any CPU
		{208632F0-7B01-42E4-87AC-4F97B49DDF9B}.Debug|Any CPU.Build.0 = Debug|Any CPU
		{208632F0-7B01-42E4-87AC-4F97B49DDF9B}.Release|Any CPU.ActiveCfg = Release|Any CPU
		{208632F0-7B01-42E4-87AC-4F97B49DDF9B}.Release|Any CPU.Build.0 = Release|Any CPU
		{6CC96E2E-4EDD-4A93-9383-B8CCA25F3244}.Debug|Any CPU.ActiveCfg = Debug|Any CPU
		{6CC96E2E-4EDD-4A93-9383-B8CCA25F3244}.Debug|Any CPU.Build.0 = Debug|Any CPU
		{6CC96E2E-4EDD-4A93-9383-B8CCA25F3244}.Release|Any CPU.ActiveCfg = Release|Any CPU
		{6CC96E2E-4EDD-4A93-9383-B8CCA25F3244}.Release|Any CPU.Build.0 = Release|Any CPU
		{09DF9962-6D82-409D-ADBD-66F70D3867AB}.Debug|Any CPU.ActiveCfg = Debug|Any CPU
		{09DF9962-6D82-409D-ADBD-66F70D3867AB}.Debug|Any CPU.Build.0 = Debug|Any CPU
		{09DF9962-6D82-409D-ADBD-66F70D3867AB}.Release|Any CPU.ActiveCfg = Release|Any CPU
		{09DF9962-6D82-409D-ADBD-66F70D3867AB}.Release|Any CPU.Build.0 = Release|Any CPU
	EndGlobalSection
	GlobalSection(SolutionProperties) = preSolution
		HideSolutionNode = FALSE
	EndGlobalSection
	GlobalSection(ExtensibilityGlobals) = postSolution
		SolutionGuid = {C625BF0B-C11D-43B3-8367-DA5A8CE56D78}
	EndGlobalSection
EndGlobal
