
Microsoft Visual Studio Solution File, Format Version 12.00
# Visual Studio 15
VisualStudioVersion = 15.0.28307.1267
MinimumVisualStudioVersion = 10.0.40219.1
Project("{FAE04EC0-301F-11D3-BF4B-00C04F79EFBC}") = "01.EmptyBelejka", "01.EmptyBelejka\01.EmptyBelejka.csproj", "{C753A12C-67EA-43C7-9F42-67A97B7D7995}"
EndProject
Project("{FAE04EC0-301F-11D3-BF4B-00C04F79EFBC}") = "02.ZnakCqloChislo", "02.ZnakCqloChislo\02.ZnakCqloChislo.csproj", "{D91859A6-3741-4BB6-BE31-ADBEF90D0879}"
EndProject
Project("{FAE04EC0-301F-11D3-BF4B-00C04F79EFBC}") = "04.PrintFigura", "04.PrintFigura\04.PrintFigura.csproj", "{68E6D01A-463C-404B-AE35-A9E9DE1FA766}"
EndProject
Global
	GlobalSection(SolutionConfigurationPlatforms) = preSolution
		Debug|Any CPU = Debug|Any CPU
		Release|Any CPU = Release|Any CPU
	EndGlobalSection
	GlobalSection(ProjectConfigurationPlatforms) = postSolution
		{C753A12C-67EA-43C7-9F42-67A97B7D7995}.Debug|Any CPU.ActiveCfg = Debug|Any CPU
		{C753A12C-67EA-43C7-9F42-67A97B7D7995}.Debug|Any CPU.Build.0 = Debug|Any CPU
		{C753A12C-67EA-43C7-9F42-67A97B7D7995}.Release|Any CPU.ActiveCfg = Release|Any CPU
		{C753A12C-67EA-43C7-9F42-67A97B7D7995}.Release|Any CPU.Build.0 = Release|Any CPU
		{D91859A6-3741-4BB6-BE31-ADBEF90D0879}.Debug|Any CPU.ActiveCfg = Debug|Any CPU
		{D91859A6-3741-4BB6-BE31-ADBEF90D0879}.Debug|Any CPU.Build.0 = Debug|Any CPU
		{D91859A6-3741-4BB6-BE31-ADBEF90D0879}.Release|Any CPU.ActiveCfg = Release|Any CPU
		{D91859A6-3741-4BB6-BE31-ADBEF90D0879}.Release|Any CPU.Build.0 = Release|Any CPU
		{68E6D01A-463C-404B-AE35-A9E9DE1FA766}.Debug|Any CPU.ActiveCfg = Debug|Any CPU
		{68E6D01A-463C-404B-AE35-A9E9DE1FA766}.Debug|Any CPU.Build.0 = Debug|Any CPU
		{68E6D01A-463C-404B-AE35-A9E9DE1FA766}.Release|Any CPU.ActiveCfg = Release|Any CPU
		{68E6D01A-463C-404B-AE35-A9E9DE1FA766}.Release|Any CPU.Build.0 = Release|Any CPU
	EndGlobalSection
	GlobalSection(SolutionProperties) = preSolution
		HideSolutionNode = FALSE
	EndGlobalSection
	GlobalSection(ExtensibilityGlobals) = postSolution
		SolutionGuid = {C625BF0B-C11D-43B3-8367-DA5A8CE56D78}
	EndGlobalSection
EndGlobal
